// !$*UTF8*$!
{
	archiveVersion = 1;
	classes = {
	};
	objectVersion = 46;
	objects = {

/* Begin PBXBuildFile section */
		01466071D20F40029EEFF95A /* libPods.a in Frameworks */ = {isa = PBXBuildFile; fileRef = 5B2F1418DBB9423084669844 /* libPods.a */; };
		A805BA1A18D7D0C0004840FE /* UIResponder+NimbusCore.m in Sources */ = {isa = PBXBuildFile; fileRef = A805B9EA18D7D0C0004840FE /* UIResponder+NimbusCore.m */; };
		A805BA1B18D7D0C0004840FE /* NIViewRecycler.m in Sources */ = {isa = PBXBuildFile; fileRef = A805B9EC18D7D0C0004840FE /* NIViewRecycler.m */; };
		A805BA1C18D7D0C0004840FE /* NIState.m in Sources */ = {isa = PBXBuildFile; fileRef = A805B9EE18D7D0C0004840FE /* NIState.m */; };
		A805BA1E18D7D0C0004840FE /* NISDKAvailability.m in Sources */ = {isa = PBXBuildFile; fileRef = A805B9F218D7D0C0004840FE /* NISDKAvailability.m */; };
		A805BA1F18D7D0C0004840FE /* NIRuntimeClassModifications.m in Sources */ = {isa = PBXBuildFile; fileRef = A805B9F418D7D0C0004840FE /* NIRuntimeClassModifications.m */; };
		A805BA2018D7D0C0004840FE /* NIPaths.m in Sources */ = {isa = PBXBuildFile; fileRef = A805B9F718D7D0C0004840FE /* NIPaths.m */; };
		A805BA2118D7D0C0004840FE /* NIOperations.m in Sources */ = {isa = PBXBuildFile; fileRef = A805B9FA18D7D0C0004840FE /* NIOperations.m */; };
		A805BA2218D7D0C0004840FE /* NINonRetainingCollections.m in Sources */ = {isa = PBXBuildFile; fileRef = A805B9FC18D7D0C0004840FE /* NINonRetainingCollections.m */; };
		A805BA2318D7D0C0004840FE /* NINonEmptyCollectionTesting.m in Sources */ = {isa = PBXBuildFile; fileRef = A805B9FE18D7D0C0004840FE /* NINonEmptyCollectionTesting.m */; };
		A805BA2418D7D0C0004840FE /* NINetworkActivity.m in Sources */ = {isa = PBXBuildFile; fileRef = A805BA0018D7D0C0004840FE /* NINetworkActivity.m */; };
		A805BA2518D7D0C0004840FE /* NINavigationAppearance.m in Sources */ = {isa = PBXBuildFile; fileRef = A805BA0218D7D0C0004840FE /* NINavigationAppearance.m */; };
		A805BA2618D7D0C0004840FE /* NIInMemoryCache.m in Sources */ = {isa = PBXBuildFile; fileRef = A805BA0518D7D0C0004840FE /* NIInMemoryCache.m */; };
		A805BA2718D7D0C0004840FE /* NIImageUtilities.m in Sources */ = {isa = PBXBuildFile; fileRef = A805BA0718D7D0C0004840FE /* NIImageUtilities.m */; };
		A805BA2818D7D0C0004840FE /* NIFoundationMethods.m in Sources */ = {isa = PBXBuildFile; fileRef = A805BA0918D7D0C0004840FE /* NIFoundationMethods.m */; };
		A805BA2918D7D0C0004840FE /* NIError.m in Sources */ = {isa = PBXBuildFile; fileRef = A805BA0B18D7D0C0004840FE /* NIError.m */; };
		A805BA2A18D7D0C0004840FE /* NIDeviceOrientation.m in Sources */ = {isa = PBXBuildFile; fileRef = A805BA0D18D7D0C0004840FE /* NIDeviceOrientation.m */; };
		A805BA2B18D7D0C0004840FE /* NIDebuggingTools.m in Sources */ = {isa = PBXBuildFile; fileRef = A805BA0F18D7D0C0004840FE /* NIDebuggingTools.m */; };
		A805BA2C18D7D0C0004840FE /* NIDataStructures.m in Sources */ = {isa = PBXBuildFile; fileRef = A805BA1118D7D0C0004840FE /* NIDataStructures.m */; };
		A805BA2D18D7D0C0004840FE /* NICommonMetrics.m in Sources */ = {isa = PBXBuildFile; fileRef = A805BA1318D7D0C0004840FE /* NICommonMetrics.m */; };
		A805BA2E18D7D0C0004840FE /* NIButtonUtilities.m in Sources */ = {isa = PBXBuildFile; fileRef = A805BA1518D7D0C0004840FE /* NIButtonUtilities.m */; };
		A805BA2F18D7D0C0004840FE /* NIActions.m in Sources */ = {isa = PBXBuildFile; fileRef = A805BA1818D7D0C0004840FE /* NIActions.m */; };
		A808ECC518BAE2D9009382DE /* JSDismissiveTextView.m in Sources */ = {isa = PBXBuildFile; fileRef = A808ECC018BAE2D9009382DE /* JSDismissiveTextView.m */; };
		A808ECC618BAE2D9009382DE /* JSMessageInputView.m in Sources */ = {isa = PBXBuildFile; fileRef = A808ECC218BAE2D9009382DE /* JSMessageInputView.m */; };
		A808ECC718BAE2D9009382DE /* JSMessageTextView.m in Sources */ = {isa = PBXBuildFile; fileRef = A808ECC418BAE2D9009382DE /* JSMessageTextView.m */; };
		A808ECCA18BAE308009382DE /* NSString+JSMessagesView.m in Sources */ = {isa = PBXBuildFile; fileRef = A808ECC918BAE308009382DE /* NSString+JSMessagesView.m */; };
		A808ECCD18BAE32D009382DE /* UIColor+JSMessagesView.m in Sources */ = {isa = PBXBuildFile; fileRef = A808ECCC18BAE32D009382DE /* UIColor+JSMessagesView.m */; };
		A834FEC8188FA95E00D4DFAE /* Foundation.framework in Frameworks */ = {isa = PBXBuildFile; fileRef = A834FEC7188FA95E00D4DFAE /* Foundation.framework */; };
		A834FECA188FA95E00D4DFAE /* CoreGraphics.framework in Frameworks */ = {isa = PBXBuildFile; fileRef = A834FEC9188FA95E00D4DFAE /* CoreGraphics.framework */; };
		A834FECC188FA95E00D4DFAE /* UIKit.framework in Frameworks */ = {isa = PBXBuildFile; fileRef = A834FECB188FA95E00D4DFAE /* UIKit.framework */; };
		A834FECE188FA95E00D4DFAE /* CoreData.framework in Frameworks */ = {isa = PBXBuildFile; fileRef = A834FECD188FA95E00D4DFAE /* CoreData.framework */; };
		A834FED4188FA95E00D4DFAE /* InfoPlist.strings in Resources */ = {isa = PBXBuildFile; fileRef = A834FED2188FA95E00D4DFAE /* InfoPlist.strings */; };
		A834FED6188FA95E00D4DFAE /* main.m in Sources */ = {isa = PBXBuildFile; fileRef = A834FED5188FA95E00D4DFAE /* main.m */; };
		A834FEDA188FA95E00D4DFAE /* LYAppDelegate.m in Sources */ = {isa = PBXBuildFile; fileRef = A834FED9188FA95E00D4DFAE /* LYAppDelegate.m */; };
		A834FEDD188FA95E00D4DFAE /* PGdev.xcdatamodeld in Sources */ = {isa = PBXBuildFile; fileRef = A834FEDB188FA95E00D4DFAE /* PGdev.xcdatamodeld */; };
		A834FEDF188FA95E00D4DFAE /* Images.xcassets in Resources */ = {isa = PBXBuildFile; fileRef = A834FEDE188FA95E00D4DFAE /* Images.xcassets */; };
		A834FEE6188FA95E00D4DFAE /* XCTest.framework in Frameworks */ = {isa = PBXBuildFile; fileRef = A834FEE5188FA95E00D4DFAE /* XCTest.framework */; };
		A834FEE7188FA95E00D4DFAE /* Foundation.framework in Frameworks */ = {isa = PBXBuildFile; fileRef = A834FEC7188FA95E00D4DFAE /* Foundation.framework */; };
		A834FEE8188FA95E00D4DFAE /* UIKit.framework in Frameworks */ = {isa = PBXBuildFile; fileRef = A834FECB188FA95E00D4DFAE /* UIKit.framework */; };
		A834FEE9188FA95E00D4DFAE /* CoreData.framework in Frameworks */ = {isa = PBXBuildFile; fileRef = A834FECD188FA95E00D4DFAE /* CoreData.framework */; };
		A834FEF1188FA95E00D4DFAE /* InfoPlist.strings in Resources */ = {isa = PBXBuildFile; fileRef = A834FEEF188FA95E00D4DFAE /* InfoPlist.strings */; };
		A834FEF3188FA95E00D4DFAE /* PGdevTests.m in Sources */ = {isa = PBXBuildFile; fileRef = A834FEF2188FA95E00D4DFAE /* PGdevTests.m */; };
		A846600F18C258760001D2F9 /* LYTestCell.m in Sources */ = {isa = PBXBuildFile; fileRef = A846600E18C258760001D2F9 /* LYTestCell.m */; };
		A881ED1B18D74427004E50D6 /* NIAttributedLabel.m in Sources */ = {isa = PBXBuildFile; fileRef = A881ED1718D74427004E50D6 /* NIAttributedLabel.m */; };
		A881ED1C18D74427004E50D6 /* NSMutableAttributedString+NimbusAttributedLabel.m in Sources */ = {isa = PBXBuildFile; fileRef = A881ED1A18D74427004E50D6 /* NSMutableAttributedString+NimbusAttributedLabel.m */; };
		A8990E77188FC00E000AE25D /* Main.storyboard in Resources */ = {isa = PBXBuildFile; fileRef = A8990E76188FC00E000AE25D /* Main.storyboard */; };
		A8990E7B188FC0BE000AE25D /* LYMainViewController.m in Sources */ = {isa = PBXBuildFile; fileRef = A8990E7A188FC0BE000AE25D /* LYMainViewController.m */; };
		A8990E7E188FC316000AE25D /* LYTestViewController.m in Sources */ = {isa = PBXBuildFile; fileRef = A8990E7D188FC316000AE25D /* LYTestViewController.m */; };
		A89BE70E189629760015EC6E /* UDIDWrapper.m in Sources */ = {isa = PBXBuildFile; fileRef = A89BE70D189629760015EC6E /* UDIDWrapper.m */; settings = {COMPILER_FLAGS = "-fno-objc-arc"; }; };
		A8A93D8B189D2F7C007689ED /* MKMapView+AIFExtraMethod.m in Sources */ = {isa = PBXBuildFile; fileRef = A8A93D7D189D2F7C007689ED /* MKMapView+AIFExtraMethod.m */; };
		A8A93D8C189D2F7C007689ED /* NSDate+AIFExtraMethod.m in Sources */ = {isa = PBXBuildFile; fileRef = A8A93D7F189D2F7C007689ED /* NSDate+AIFExtraMethod.m */; };
		A8A93D8D189D2F7C007689ED /* UIColor+AIFHexColor.m in Sources */ = {isa = PBXBuildFile; fileRef = A8A93D81189D2F7C007689ED /* UIColor+AIFHexColor.m */; };
		A8A93D8E189D2F7C007689ED /* UIImage+AIFExtraMethod.m in Sources */ = {isa = PBXBuildFile; fileRef = A8A93D83189D2F7C007689ED /* UIImage+AIFExtraMethod.m */; };
		A8A93D8F189D2F7C007689ED /* UIView+AIFFrame.m in Sources */ = {isa = PBXBuildFile; fileRef = A8A93D85189D2F7C007689ED /* UIView+AIFFrame.m */; };
		A8A93D90189D2F7C007689ED /* AIFFilePathUtil.m in Sources */ = {isa = PBXBuildFile; fileRef = A8A93D88189D2F7C007689ED /* AIFFilePathUtil.m */; };
		A8A93D91189D2F7C007689ED /* AIFNetworkUtil.m in Sources */ = {isa = PBXBuildFile; fileRef = A8A93D8A189D2F7C007689ED /* AIFNetworkUtil.m */; };
		A8A93D99189D33A8007689ED /* NSMutableArray+AIFExtraMethod.m in Sources */ = {isa = PBXBuildFile; fileRef = A8A93D98189D33A8007689ED /* NSMutableArray+AIFExtraMethod.m */; };
		A8A93D9C189D363D007689ED /* NSNumber+AIFExtraMethod.m in Sources */ = {isa = PBXBuildFile; fileRef = A8A93D9B189D363D007689ED /* NSNumber+AIFExtraMethod.m */; };
		A8A93D9F189D4E7E007689ED /* NSArray+AIFExtraMethod.m in Sources */ = {isa = PBXBuildFile; fileRef = A8A93D9E189D4E7E007689ED /* NSArray+AIFExtraMethod.m */; };
		A8A93DA2189D509A007689ED /* NSDictionary+AIFExtraMethod.m in Sources */ = {isa = PBXBuildFile; fileRef = A8A93DA1189D509A007689ED /* NSDictionary+AIFExtraMethod.m */; };
		A8A93DA5189D5115007689ED /* NSString+AIFExtraMethod.m in Sources */ = {isa = PBXBuildFile; fileRef = A8A93DA4189D5115007689ED /* NSString+AIFExtraMethod.m */; };
		A8A93DAC189D579A007689ED /* UIView+AIFExtraMethod.m in Sources */ = {isa = PBXBuildFile; fileRef = A8A93DAB189D579A007689ED /* UIView+AIFExtraMethod.m */; };
		A8A93DB3189D5F11007689ED /* AIFLocationUtil.m in Sources */ = {isa = PBXBuildFile; fileRef = A8A93DB2189D5F11007689ED /* AIFLocationUtil.m */; };
		A8B5314718B72A5900CBDDBF /* CoreTelephony.framework in Frameworks */ = {isa = PBXBuildFile; fileRef = A8B5314618B72A5900CBDDBF /* CoreTelephony.framework */; };
		A8D389581890AE6300767F50 /* LYAutoLayoutMainViewController.m in Sources */ = {isa = PBXBuildFile; fileRef = A8D389571890AE6300767F50 /* LYAutoLayoutMainViewController.m */; };
/* End PBXBuildFile section */

/* Begin PBXContainerItemProxy section */
		A834FEEA188FA95E00D4DFAE /* PBXContainerItemProxy */ = {
			isa = PBXContainerItemProxy;
			containerPortal = A834FEBC188FA95E00D4DFAE /* Project object */;
			proxyType = 1;
			remoteGlobalIDString = A834FEC3188FA95E00D4DFAE;
			remoteInfo = PGdev;
		};
/* End PBXContainerItemProxy section */

/* Begin PBXFileReference section */
		5B2F1418DBB9423084669844 /* libPods.a */ = {isa = PBXFileReference; explicitFileType = archive.ar; includeInIndex = 0; path = libPods.a; sourceTree = BUILT_PRODUCTS_DIR; };
		74B6C351679F41ECBE573948 /* Pods.xcconfig */ = {isa = PBXFileReference; includeInIndex = 1; lastKnownFileType = text.xcconfig; name = Pods.xcconfig; path = Pods/Pods.xcconfig; sourceTree = "<group>"; };
		A805B9E918D7D0A8004840FE /* NimbusCore.h */ = {isa = PBXFileReference; lastKnownFileType = sourcecode.c.h; path = NimbusCore.h; sourceTree = "<group>"; };
		A805B9EA18D7D0C0004840FE /* UIResponder+NimbusCore.m */ = {isa = PBXFileReference; fileEncoding = 4; lastKnownFileType = sourcecode.c.objc; path = "UIResponder+NimbusCore.m"; sourceTree = "<group>"; };
		A805B9EB18D7D0C0004840FE /* UIResponder+NimbusCore.h */ = {isa = PBXFileReference; fileEncoding = 4; lastKnownFileType = sourcecode.c.h; path = "UIResponder+NimbusCore.h"; sourceTree = "<group>"; };
		A805B9EC18D7D0C0004840FE /* NIViewRecycler.m */ = {isa = PBXFileReference; fileEncoding = 4; lastKnownFileType = sourcecode.c.objc; path = NIViewRecycler.m; sourceTree = "<group>"; };
		A805B9ED18D7D0C0004840FE /* NIViewRecycler.h */ = {isa = PBXFileReference; fileEncoding = 4; lastKnownFileType = sourcecode.c.h; path = NIViewRecycler.h; sourceTree = "<group>"; };
		A805B9EE18D7D0C0004840FE /* NIState.m */ = {isa = PBXFileReference; fileEncoding = 4; lastKnownFileType = sourcecode.c.objc; path = NIState.m; sourceTree = "<group>"; };
		A805B9EF18D7D0C0004840FE /* NIState.h */ = {isa = PBXFileReference; fileEncoding = 4; lastKnownFileType = sourcecode.c.h; path = NIState.h; sourceTree = "<group>"; };
		A805B9F218D7D0C0004840FE /* NISDKAvailability.m */ = {isa = PBXFileReference; fileEncoding = 4; lastKnownFileType = sourcecode.c.objc; path = NISDKAvailability.m; sourceTree = "<group>"; };
		A805B9F318D7D0C0004840FE /* NISDKAvailability.h */ = {isa = PBXFileReference; fileEncoding = 4; lastKnownFileType = sourcecode.c.h; path = NISDKAvailability.h; sourceTree = "<group>"; };
		A805B9F418D7D0C0004840FE /* NIRuntimeClassModifications.m */ = {isa = PBXFileReference; fileEncoding = 4; lastKnownFileType = sourcecode.c.objc; path = NIRuntimeClassModifications.m; sourceTree = "<group>"; };
		A805B9F518D7D0C0004840FE /* NIRuntimeClassModifications.h */ = {isa = PBXFileReference; fileEncoding = 4; lastKnownFileType = sourcecode.c.h; path = NIRuntimeClassModifications.h; sourceTree = "<group>"; };
		A805B9F618D7D0C0004840FE /* NIPreprocessorMacros.h */ = {isa = PBXFileReference; fileEncoding = 4; lastKnownFileType = sourcecode.c.h; path = NIPreprocessorMacros.h; sourceTree = "<group>"; };
		A805B9F718D7D0C0004840FE /* NIPaths.m */ = {isa = PBXFileReference; fileEncoding = 4; lastKnownFileType = sourcecode.c.objc; path = NIPaths.m; sourceTree = "<group>"; };
		A805B9F818D7D0C0004840FE /* NIPaths.h */ = {isa = PBXFileReference; fileEncoding = 4; lastKnownFileType = sourcecode.c.h; path = NIPaths.h; sourceTree = "<group>"; };
		A805B9F918D7D0C0004840FE /* NIOperations+Subclassing.h */ = {isa = PBXFileReference; fileEncoding = 4; lastKnownFileType = sourcecode.c.h; path = "NIOperations+Subclassing.h"; sourceTree = "<group>"; };
		A805B9FA18D7D0C0004840FE /* NIOperations.m */ = {isa = PBXFileReference; fileEncoding = 4; lastKnownFileType = sourcecode.c.objc; path = NIOperations.m; sourceTree = "<group>"; };
		A805B9FB18D7D0C0004840FE /* NIOperations.h */ = {isa = PBXFileReference; fileEncoding = 4; lastKnownFileType = sourcecode.c.h; path = NIOperations.h; sourceTree = "<group>"; };
		A805B9FC18D7D0C0004840FE /* NINonRetainingCollections.m */ = {isa = PBXFileReference; fileEncoding = 4; lastKnownFileType = sourcecode.c.objc; path = NINonRetainingCollections.m; sourceTree = "<group>"; };
		A805B9FD18D7D0C0004840FE /* NINonRetainingCollections.h */ = {isa = PBXFileReference; fileEncoding = 4; lastKnownFileType = sourcecode.c.h; path = NINonRetainingCollections.h; sourceTree = "<group>"; };
		A805B9FE18D7D0C0004840FE /* NINonEmptyCollectionTesting.m */ = {isa = PBXFileReference; fileEncoding = 4; lastKnownFileType = sourcecode.c.objc; path = NINonEmptyCollectionTesting.m; sourceTree = "<group>"; };
		A805B9FF18D7D0C0004840FE /* NINonEmptyCollectionTesting.h */ = {isa = PBXFileReference; fileEncoding = 4; lastKnownFileType = sourcecode.c.h; path = NINonEmptyCollectionTesting.h; sourceTree = "<group>"; };
		A805BA0018D7D0C0004840FE /* NINetworkActivity.m */ = {isa = PBXFileReference; fileEncoding = 4; lastKnownFileType = sourcecode.c.objc; path = NINetworkActivity.m; sourceTree = "<group>"; };
		A805BA0118D7D0C0004840FE /* NINetworkActivity.h */ = {isa = PBXFileReference; fileEncoding = 4; lastKnownFileType = sourcecode.c.h; path = NINetworkActivity.h; sourceTree = "<group>"; };
		A805BA0218D7D0C0004840FE /* NINavigationAppearance.m */ = {isa = PBXFileReference; fileEncoding = 4; lastKnownFileType = sourcecode.c.objc; path = NINavigationAppearance.m; sourceTree = "<group>"; };
		A805BA0318D7D0C0004840FE /* NINavigationAppearance.h */ = {isa = PBXFileReference; fileEncoding = 4; lastKnownFileType = sourcecode.c.h; path = NINavigationAppearance.h; sourceTree = "<group>"; };
		A805BA0418D7D0C0004840FE /* NimbusCore+Additions.h */ = {isa = PBXFileReference; fileEncoding = 4; lastKnownFileType = sourcecode.c.h; path = "NimbusCore+Additions.h"; sourceTree = "<group>"; };
		A805BA0518D7D0C0004840FE /* NIInMemoryCache.m */ = {isa = PBXFileReference; fileEncoding = 4; lastKnownFileType = sourcecode.c.objc; path = NIInMemoryCache.m; sourceTree = "<group>"; };
		A805BA0618D7D0C0004840FE /* NIInMemoryCache.h */ = {isa = PBXFileReference; fileEncoding = 4; lastKnownFileType = sourcecode.c.h; path = NIInMemoryCache.h; sourceTree = "<group>"; };
		A805BA0718D7D0C0004840FE /* NIImageUtilities.m */ = {isa = PBXFileReference; fileEncoding = 4; lastKnownFileType = sourcecode.c.objc; path = NIImageUtilities.m; sourceTree = "<group>"; };
		A805BA0818D7D0C0004840FE /* NIImageUtilities.h */ = {isa = PBXFileReference; fileEncoding = 4; lastKnownFileType = sourcecode.c.h; path = NIImageUtilities.h; sourceTree = "<group>"; };
		A805BA0918D7D0C0004840FE /* NIFoundationMethods.m */ = {isa = PBXFileReference; fileEncoding = 4; lastKnownFileType = sourcecode.c.objc; path = NIFoundationMethods.m; sourceTree = "<group>"; };
		A805BA0A18D7D0C0004840FE /* NIFoundationMethods.h */ = {isa = PBXFileReference; fileEncoding = 4; lastKnownFileType = sourcecode.c.h; path = NIFoundationMethods.h; sourceTree = "<group>"; };
		A805BA0B18D7D0C0004840FE /* NIError.m */ = {isa = PBXFileReference; fileEncoding = 4; lastKnownFileType = sourcecode.c.objc; path = NIError.m; sourceTree = "<group>"; };
		A805BA0C18D7D0C0004840FE /* NIError.h */ = {isa = PBXFileReference; fileEncoding = 4; lastKnownFileType = sourcecode.c.h; path = NIError.h; sourceTree = "<group>"; };
		A805BA0D18D7D0C0004840FE /* NIDeviceOrientation.m */ = {isa = PBXFileReference; fileEncoding = 4; lastKnownFileType = sourcecode.c.objc; path = NIDeviceOrientation.m; sourceTree = "<group>"; };
		A805BA0E18D7D0C0004840FE /* NIDeviceOrientation.h */ = {isa = PBXFileReference; fileEncoding = 4; lastKnownFileType = sourcecode.c.h; path = NIDeviceOrientation.h; sourceTree = "<group>"; };
		A805BA0F18D7D0C0004840FE /* NIDebuggingTools.m */ = {isa = PBXFileReference; fileEncoding = 4; lastKnownFileType = sourcecode.c.objc; path = NIDebuggingTools.m; sourceTree = "<group>"; };
		A805BA1018D7D0C0004840FE /* NIDebuggingTools.h */ = {isa = PBXFileReference; fileEncoding = 4; lastKnownFileType = sourcecode.c.h; path = NIDebuggingTools.h; sourceTree = "<group>"; };
		A805BA1118D7D0C0004840FE /* NIDataStructures.m */ = {isa = PBXFileReference; fileEncoding = 4; lastKnownFileType = sourcecode.c.objc; path = NIDataStructures.m; sourceTree = "<group>"; };
		A805BA1218D7D0C0004840FE /* NIDataStructures.h */ = {isa = PBXFileReference; fileEncoding = 4; lastKnownFileType = sourcecode.c.h; path = NIDataStructures.h; sourceTree = "<group>"; };
		A805BA1318D7D0C0004840FE /* NICommonMetrics.m */ = {isa = PBXFileReference; fileEncoding = 4; lastKnownFileType = sourcecode.c.objc; path = NICommonMetrics.m; sourceTree = "<group>"; };
		A805BA1418D7D0C0004840FE /* NICommonMetrics.h */ = {isa = PBXFileReference; fileEncoding = 4; lastKnownFileType = sourcecode.c.h; path = NICommonMetrics.h; sourceTree = "<group>"; };
		A805BA1518D7D0C0004840FE /* NIButtonUtilities.m */ = {isa = PBXFileReference; fileEncoding = 4; lastKnownFileType = sourcecode.c.objc; path = NIButtonUtilities.m; sourceTree = "<group>"; };
		A805BA1618D7D0C0004840FE /* NIButtonUtilities.h */ = {isa = PBXFileReference; fileEncoding = 4; lastKnownFileType = sourcecode.c.h; path = NIButtonUtilities.h; sourceTree = "<group>"; };
		A805BA1718D7D0C0004840FE /* NIActions+Subclassing.h */ = {isa = PBXFileReference; fileEncoding = 4; lastKnownFileType = sourcecode.c.h; path = "NIActions+Subclassing.h"; sourceTree = "<group>"; };
		A805BA1818D7D0C0004840FE /* NIActions.m */ = {isa = PBXFileReference; fileEncoding = 4; lastKnownFileType = sourcecode.c.objc; path = NIActions.m; sourceTree = "<group>"; };
		A805BA1918D7D0C0004840FE /* NIActions.h */ = {isa = PBXFileReference; fileEncoding = 4; lastKnownFileType = sourcecode.c.h; path = NIActions.h; sourceTree = "<group>"; };
		A808ECBF18BAE2D9009382DE /* JSDismissiveTextView.h */ = {isa = PBXFileReference; fileEncoding = 4; lastKnownFileType = sourcecode.c.h; path = JSDismissiveTextView.h; sourceTree = "<group>"; };
		A808ECC018BAE2D9009382DE /* JSDismissiveTextView.m */ = {isa = PBXFileReference; fileEncoding = 4; lastKnownFileType = sourcecode.c.objc; path = JSDismissiveTextView.m; sourceTree = "<group>"; };
		A808ECC118BAE2D9009382DE /* JSMessageInputView.h */ = {isa = PBXFileReference; fileEncoding = 4; lastKnownFileType = sourcecode.c.h; path = JSMessageInputView.h; sourceTree = "<group>"; };
		A808ECC218BAE2D9009382DE /* JSMessageInputView.m */ = {isa = PBXFileReference; fileEncoding = 4; lastKnownFileType = sourcecode.c.objc; path = JSMessageInputView.m; sourceTree = "<group>"; };
		A808ECC318BAE2D9009382DE /* JSMessageTextView.h */ = {isa = PBXFileReference; fileEncoding = 4; lastKnownFileType = sourcecode.c.h; path = JSMessageTextView.h; sourceTree = "<group>"; };
		A808ECC418BAE2D9009382DE /* JSMessageTextView.m */ = {isa = PBXFileReference; fileEncoding = 4; lastKnownFileType = sourcecode.c.objc; path = JSMessageTextView.m; sourceTree = "<group>"; };
		A808ECC818BAE308009382DE /* NSString+JSMessagesView.h */ = {isa = PBXFileReference; fileEncoding = 4; lastKnownFileType = sourcecode.c.h; path = "NSString+JSMessagesView.h"; sourceTree = "<group>"; };
		A808ECC918BAE308009382DE /* NSString+JSMessagesView.m */ = {isa = PBXFileReference; fileEncoding = 4; lastKnownFileType = sourcecode.c.objc; path = "NSString+JSMessagesView.m"; sourceTree = "<group>"; };
		A808ECCB18BAE32D009382DE /* UIColor+JSMessagesView.h */ = {isa = PBXFileReference; fileEncoding = 4; lastKnownFileType = sourcecode.c.h; path = "UIColor+JSMessagesView.h"; sourceTree = "<group>"; };
		A808ECCC18BAE32D009382DE /* UIColor+JSMessagesView.m */ = {isa = PBXFileReference; fileEncoding = 4; lastKnownFileType = sourcecode.c.objc; path = "UIColor+JSMessagesView.m"; sourceTree = "<group>"; };
		A8127B5D18D15F870023F658 /* 33.aud */ = {isa = PBXFileReference; lastKnownFileType = file; path = 33.aud; sourceTree = "<group>"; };
		A834FEC4188FA95E00D4DFAE /* PGdev.app */ = {isa = PBXFileReference; explicitFileType = wrapper.application; includeInIndex = 0; path = PGdev.app; sourceTree = BUILT_PRODUCTS_DIR; };
		A834FEC7188FA95E00D4DFAE /* Foundation.framework */ = {isa = PBXFileReference; lastKnownFileType = wrapper.framework; name = Foundation.framework; path = System/Library/Frameworks/Foundation.framework; sourceTree = SDKROOT; };
		A834FEC9188FA95E00D4DFAE /* CoreGraphics.framework */ = {isa = PBXFileReference; lastKnownFileType = wrapper.framework; name = CoreGraphics.framework; path = System/Library/Frameworks/CoreGraphics.framework; sourceTree = SDKROOT; };
		A834FECB188FA95E00D4DFAE /* UIKit.framework */ = {isa = PBXFileReference; lastKnownFileType = wrapper.framework; name = UIKit.framework; path = System/Library/Frameworks/UIKit.framework; sourceTree = SDKROOT; };
		A834FECD188FA95E00D4DFAE /* CoreData.framework */ = {isa = PBXFileReference; lastKnownFileType = wrapper.framework; name = CoreData.framework; path = System/Library/Frameworks/CoreData.framework; sourceTree = SDKROOT; };
		A834FED1188FA95E00D4DFAE /* PGdev-Info.plist */ = {isa = PBXFileReference; lastKnownFileType = text.plist.xml; path = "PGdev-Info.plist"; sourceTree = "<group>"; };
		A834FED3188FA95E00D4DFAE /* en */ = {isa = PBXFileReference; lastKnownFileType = text.plist.strings; name = en; path = en.lproj/InfoPlist.strings; sourceTree = "<group>"; };
		A834FED5188FA95E00D4DFAE /* main.m */ = {isa = PBXFileReference; lastKnownFileType = sourcecode.c.objc; path = main.m; sourceTree = "<group>"; };
		A834FED7188FA95E00D4DFAE /* PGdev-Prefix.pch */ = {isa = PBXFileReference; lastKnownFileType = sourcecode.c.h; path = "PGdev-Prefix.pch"; sourceTree = "<group>"; };
		A834FED8188FA95E00D4DFAE /* LYAppDelegate.h */ = {isa = PBXFileReference; lastKnownFileType = sourcecode.c.h; path = LYAppDelegate.h; sourceTree = "<group>"; };
		A834FED9188FA95E00D4DFAE /* LYAppDelegate.m */ = {isa = PBXFileReference; lastKnownFileType = sourcecode.c.objc; path = LYAppDelegate.m; sourceTree = "<group>"; };
		A834FEDC188FA95E00D4DFAE /* PGdev.xcdatamodel */ = {isa = PBXFileReference; lastKnownFileType = wrapper.xcdatamodel; path = PGdev.xcdatamodel; sourceTree = "<group>"; };
		A834FEDE188FA95E00D4DFAE /* Images.xcassets */ = {isa = PBXFileReference; lastKnownFileType = folder.assetcatalog; path = Images.xcassets; sourceTree = "<group>"; };
		A834FEE4188FA95E00D4DFAE /* PGdevTests.xctest */ = {isa = PBXFileReference; explicitFileType = wrapper.cfbundle; includeInIndex = 0; path = PGdevTests.xctest; sourceTree = BUILT_PRODUCTS_DIR; };
		A834FEE5188FA95E00D4DFAE /* XCTest.framework */ = {isa = PBXFileReference; lastKnownFileType = wrapper.framework; name = XCTest.framework; path = Library/Frameworks/XCTest.framework; sourceTree = DEVELOPER_DIR; };
		A834FEEE188FA95E00D4DFAE /* PGdevTests-Info.plist */ = {isa = PBXFileReference; lastKnownFileType = text.plist.xml; path = "PGdevTests-Info.plist"; sourceTree = "<group>"; };
		A834FEF0188FA95E00D4DFAE /* en */ = {isa = PBXFileReference; lastKnownFileType = text.plist.strings; name = en; path = en.lproj/InfoPlist.strings; sourceTree = "<group>"; };
		A834FEF2188FA95E00D4DFAE /* PGdevTests.m */ = {isa = PBXFileReference; lastKnownFileType = sourcecode.c.objc; path = PGdevTests.m; sourceTree = "<group>"; };
		A846600D18C258760001D2F9 /* LYTestCell.h */ = {isa = PBXFileReference; fileEncoding = 4; lastKnownFileType = sourcecode.c.h; path = LYTestCell.h; sourceTree = "<group>"; };
		A846600E18C258760001D2F9 /* LYTestCell.m */ = {isa = PBXFileReference; fileEncoding = 4; lastKnownFileType = sourcecode.c.objc; path = LYTestCell.m; sourceTree = "<group>"; };
		A8490CD518D180B100042671 /* voice.amr */ = {isa = PBXFileReference; lastKnownFileType = file; path = voice.amr; sourceTree = "<group>"; };
		A881ED1618D74427004E50D6 /* NIAttributedLabel.h */ = {isa = PBXFileReference; fileEncoding = 4; lastKnownFileType = sourcecode.c.h; path = NIAttributedLabel.h; sourceTree = "<group>"; };
		A881ED1718D74427004E50D6 /* NIAttributedLabel.m */ = {isa = PBXFileReference; fileEncoding = 4; lastKnownFileType = sourcecode.c.objc; path = NIAttributedLabel.m; sourceTree = "<group>"; };
		A881ED1818D74427004E50D6 /* NimbusAttributedLabel.h */ = {isa = PBXFileReference; fileEncoding = 4; lastKnownFileType = sourcecode.c.h; path = NimbusAttributedLabel.h; sourceTree = "<group>"; };
		A881ED1918D74427004E50D6 /* NSMutableAttributedString+NimbusAttributedLabel.h */ = {isa = PBXFileReference; fileEncoding = 4; lastKnownFileType = sourcecode.c.h; path = "NSMutableAttributedString+NimbusAttributedLabel.h"; sourceTree = "<group>"; };
		A881ED1A18D74427004E50D6 /* NSMutableAttributedString+NimbusAttributedLabel.m */ = {isa = PBXFileReference; fileEncoding = 4; lastKnownFileType = sourcecode.c.objc; path = "NSMutableAttributedString+NimbusAttributedLabel.m"; sourceTree = "<group>"; };
		A8990E76188FC00E000AE25D /* Main.storyboard */ = {isa = PBXFileReference; fileEncoding = 4; lastKnownFileType = file.storyboard; path = Main.storyboard; sourceTree = "<group>"; };
		A8990E79188FC0BE000AE25D /* LYMainViewController.h */ = {isa = PBXFileReference; fileEncoding = 4; lastKnownFileType = sourcecode.c.h; path = LYMainViewController.h; sourceTree = "<group>"; };
		A8990E7A188FC0BE000AE25D /* LYMainViewController.m */ = {isa = PBXFileReference; fileEncoding = 4; lastKnownFileType = sourcecode.c.objc; path = LYMainViewController.m; sourceTree = "<group>"; };
		A8990E7C188FC316000AE25D /* LYTestViewController.h */ = {isa = PBXFileReference; fileEncoding = 4; lastKnownFileType = sourcecode.c.h; path = LYTestViewController.h; sourceTree = "<group>"; };
		A8990E7D188FC316000AE25D /* LYTestViewController.m */ = {isa = PBXFileReference; fileEncoding = 4; lastKnownFileType = sourcecode.c.objc; path = LYTestViewController.m; sourceTree = "<group>"; };
		A89BE70C189629760015EC6E /* UDIDWrapper.h */ = {isa = PBXFileReference; fileEncoding = 4; lastKnownFileType = sourcecode.c.h; path = UDIDWrapper.h; sourceTree = "<group>"; };
		A89BE70D189629760015EC6E /* UDIDWrapper.m */ = {isa = PBXFileReference; fileEncoding = 4; lastKnownFileType = sourcecode.c.objc; path = UDIDWrapper.m; sourceTree = "<group>"; };
		A8A93D7C189D2F7C007689ED /* MKMapView+AIFExtraMethod.h */ = {isa = PBXFileReference; fileEncoding = 4; lastKnownFileType = sourcecode.c.h; path = "MKMapView+AIFExtraMethod.h"; sourceTree = "<group>"; };
		A8A93D7D189D2F7C007689ED /* MKMapView+AIFExtraMethod.m */ = {isa = PBXFileReference; fileEncoding = 4; lastKnownFileType = sourcecode.c.objc; path = "MKMapView+AIFExtraMethod.m"; sourceTree = "<group>"; };
		A8A93D7E189D2F7C007689ED /* NSDate+AIFExtraMethod.h */ = {isa = PBXFileReference; fileEncoding = 4; lastKnownFileType = sourcecode.c.h; path = "NSDate+AIFExtraMethod.h"; sourceTree = "<group>"; };
		A8A93D7F189D2F7C007689ED /* NSDate+AIFExtraMethod.m */ = {isa = PBXFileReference; fileEncoding = 4; lastKnownFileType = sourcecode.c.objc; path = "NSDate+AIFExtraMethod.m"; sourceTree = "<group>"; };
		A8A93D80189D2F7C007689ED /* UIColor+AIFHexColor.h */ = {isa = PBXFileReference; fileEncoding = 4; lastKnownFileType = sourcecode.c.h; path = "UIColor+AIFHexColor.h"; sourceTree = "<group>"; };
		A8A93D81189D2F7C007689ED /* UIColor+AIFHexColor.m */ = {isa = PBXFileReference; fileEncoding = 4; lastKnownFileType = sourcecode.c.objc; path = "UIColor+AIFHexColor.m"; sourceTree = "<group>"; };
		A8A93D82189D2F7C007689ED /* UIImage+AIFExtraMethod.h */ = {isa = PBXFileReference; fileEncoding = 4; lastKnownFileType = sourcecode.c.h; path = "UIImage+AIFExtraMethod.h"; sourceTree = "<group>"; };
		A8A93D83189D2F7C007689ED /* UIImage+AIFExtraMethod.m */ = {isa = PBXFileReference; fileEncoding = 4; lastKnownFileType = sourcecode.c.objc; path = "UIImage+AIFExtraMethod.m"; sourceTree = "<group>"; };
		A8A93D84189D2F7C007689ED /* UIView+AIFFrame.h */ = {isa = PBXFileReference; fileEncoding = 4; lastKnownFileType = sourcecode.c.h; path = "UIView+AIFFrame.h"; sourceTree = "<group>"; };
		A8A93D85189D2F7C007689ED /* UIView+AIFFrame.m */ = {isa = PBXFileReference; fileEncoding = 4; lastKnownFileType = sourcecode.c.objc; path = "UIView+AIFFrame.m"; sourceTree = "<group>"; };
		A8A93D87189D2F7C007689ED /* AIFFilePathUtil.h */ = {isa = PBXFileReference; fileEncoding = 4; lastKnownFileType = sourcecode.c.h; path = AIFFilePathUtil.h; sourceTree = "<group>"; };
		A8A93D88189D2F7C007689ED /* AIFFilePathUtil.m */ = {isa = PBXFileReference; fileEncoding = 4; lastKnownFileType = sourcecode.c.objc; path = AIFFilePathUtil.m; sourceTree = "<group>"; };
		A8A93D89189D2F7C007689ED /* AIFNetworkUtil.h */ = {isa = PBXFileReference; fileEncoding = 4; lastKnownFileType = sourcecode.c.h; path = AIFNetworkUtil.h; sourceTree = "<group>"; };
		A8A93D8A189D2F7C007689ED /* AIFNetworkUtil.m */ = {isa = PBXFileReference; fileEncoding = 4; lastKnownFileType = sourcecode.c.objc; path = AIFNetworkUtil.m; sourceTree = "<group>"; };
		A8A93D97189D33A8007689ED /* NSMutableArray+AIFExtraMethod.h */ = {isa = PBXFileReference; fileEncoding = 4; lastKnownFileType = sourcecode.c.h; path = "NSMutableArray+AIFExtraMethod.h"; sourceTree = "<group>"; };
		A8A93D98189D33A8007689ED /* NSMutableArray+AIFExtraMethod.m */ = {isa = PBXFileReference; fileEncoding = 4; lastKnownFileType = sourcecode.c.objc; path = "NSMutableArray+AIFExtraMethod.m"; sourceTree = "<group>"; };
		A8A93D9A189D363D007689ED /* NSNumber+AIFExtraMethod.h */ = {isa = PBXFileReference; fileEncoding = 4; lastKnownFileType = sourcecode.c.h; path = "NSNumber+AIFExtraMethod.h"; sourceTree = "<group>"; };
		A8A93D9B189D363D007689ED /* NSNumber+AIFExtraMethod.m */ = {isa = PBXFileReference; fileEncoding = 4; lastKnownFileType = sourcecode.c.objc; path = "NSNumber+AIFExtraMethod.m"; sourceTree = "<group>"; };
		A8A93D9D189D4E7E007689ED /* NSArray+AIFExtraMethod.h */ = {isa = PBXFileReference; fileEncoding = 4; lastKnownFileType = sourcecode.c.h; path = "NSArray+AIFExtraMethod.h"; sourceTree = "<group>"; };
		A8A93D9E189D4E7E007689ED /* NSArray+AIFExtraMethod.m */ = {isa = PBXFileReference; fileEncoding = 4; lastKnownFileType = sourcecode.c.objc; path = "NSArray+AIFExtraMethod.m"; sourceTree = "<group>"; };
		A8A93DA0189D509A007689ED /* NSDictionary+AIFExtraMethod.h */ = {isa = PBXFileReference; fileEncoding = 4; lastKnownFileType = sourcecode.c.h; path = "NSDictionary+AIFExtraMethod.h"; sourceTree = "<group>"; };
		A8A93DA1189D509A007689ED /* NSDictionary+AIFExtraMethod.m */ = {isa = PBXFileReference; fileEncoding = 4; lastKnownFileType = sourcecode.c.objc; path = "NSDictionary+AIFExtraMethod.m"; sourceTree = "<group>"; };
		A8A93DA3189D5115007689ED /* NSString+AIFExtraMethod.h */ = {isa = PBXFileReference; fileEncoding = 4; lastKnownFileType = sourcecode.c.h; path = "NSString+AIFExtraMethod.h"; sourceTree = "<group>"; };
		A8A93DA4189D5115007689ED /* NSString+AIFExtraMethod.m */ = {isa = PBXFileReference; fileEncoding = 4; lastKnownFileType = sourcecode.c.objc; path = "NSString+AIFExtraMethod.m"; sourceTree = "<group>"; };
		A8A93DAA189D579A007689ED /* UIView+AIFExtraMethod.h */ = {isa = PBXFileReference; fileEncoding = 4; lastKnownFileType = sourcecode.c.h; path = "UIView+AIFExtraMethod.h"; sourceTree = "<group>"; };
		A8A93DAB189D579A007689ED /* UIView+AIFExtraMethod.m */ = {isa = PBXFileReference; fileEncoding = 4; lastKnownFileType = sourcecode.c.objc; path = "UIView+AIFExtraMethod.m"; sourceTree = "<group>"; };
		A8A93DB1189D5F11007689ED /* AIFLocationUtil.h */ = {isa = PBXFileReference; fileEncoding = 4; lastKnownFileType = sourcecode.c.h; path = AIFLocationUtil.h; sourceTree = "<group>"; };
		A8A93DB2189D5F11007689ED /* AIFLocationUtil.m */ = {isa = PBXFileReference; fileEncoding = 4; lastKnownFileType = sourcecode.c.objc; path = AIFLocationUtil.m; sourceTree = "<group>"; };
		A8B5314618B72A5900CBDDBF /* CoreTelephony.framework */ = {isa = PBXFileReference; lastKnownFileType = wrapper.framework; name = CoreTelephony.framework; path = System/Library/Frameworks/CoreTelephony.framework; sourceTree = SDKROOT; };
		A8D389561890AE6300767F50 /* LYAutoLayoutMainViewController.h */ = {isa = PBXFileReference; fileEncoding = 4; lastKnownFileType = sourcecode.c.h; path = LYAutoLayoutMainViewController.h; sourceTree = "<group>"; };
		A8D389571890AE6300767F50 /* LYAutoLayoutMainViewController.m */ = {isa = PBXFileReference; fileEncoding = 4; lastKnownFileType = sourcecode.c.objc; path = LYAutoLayoutMainViewController.m; sourceTree = "<group>"; };
/* End PBXFileReference section */

/* Begin PBXFrameworksBuildPhase section */
		A834FEC1188FA95E00D4DFAE /* Frameworks */ = {
			isa = PBXFrameworksBuildPhase;
			buildActionMask = 2147483647;
			files = (
				A8B5314718B72A5900CBDDBF /* CoreTelephony.framework in Frameworks */,
				A834FECA188FA95E00D4DFAE /* CoreGraphics.framework in Frameworks */,
				A834FECE188FA95E00D4DFAE /* CoreData.framework in Frameworks */,
				A834FECC188FA95E00D4DFAE /* UIKit.framework in Frameworks */,
				A834FEC8188FA95E00D4DFAE /* Foundation.framework in Frameworks */,
				01466071D20F40029EEFF95A /* libPods.a in Frameworks */,
			);
			runOnlyForDeploymentPostprocessing = 0;
		};
		A834FEE1188FA95E00D4DFAE /* Frameworks */ = {
			isa = PBXFrameworksBuildPhase;
			buildActionMask = 2147483647;
			files = (
				A834FEE6188FA95E00D4DFAE /* XCTest.framework in Frameworks */,
				A834FEE9188FA95E00D4DFAE /* CoreData.framework in Frameworks */,
				A834FEE8188FA95E00D4DFAE /* UIKit.framework in Frameworks */,
				A834FEE7188FA95E00D4DFAE /* Foundation.framework in Frameworks */,
			);
			runOnlyForDeploymentPostprocessing = 0;
		};
/* End PBXFrameworksBuildPhase section */

/* Begin PBXGroup section */
		A805B9E818D7D09E004840FE /* NimbusCore */ = {
			isa = PBXGroup;
			children = (
				A805B9EA18D7D0C0004840FE /* UIResponder+NimbusCore.m */,
				A805B9EB18D7D0C0004840FE /* UIResponder+NimbusCore.h */,
				A805B9EC18D7D0C0004840FE /* NIViewRecycler.m */,
				A805B9ED18D7D0C0004840FE /* NIViewRecycler.h */,
				A805B9EE18D7D0C0004840FE /* NIState.m */,
				A805B9EF18D7D0C0004840FE /* NIState.h */,
				A805B9F218D7D0C0004840FE /* NISDKAvailability.m */,
				A805B9F318D7D0C0004840FE /* NISDKAvailability.h */,
				A805B9F418D7D0C0004840FE /* NIRuntimeClassModifications.m */,
				A805B9F518D7D0C0004840FE /* NIRuntimeClassModifications.h */,
				A805B9F618D7D0C0004840FE /* NIPreprocessorMacros.h */,
				A805B9F718D7D0C0004840FE /* NIPaths.m */,
				A805B9F818D7D0C0004840FE /* NIPaths.h */,
				A805B9F918D7D0C0004840FE /* NIOperations+Subclassing.h */,
				A805B9FA18D7D0C0004840FE /* NIOperations.m */,
				A805B9FB18D7D0C0004840FE /* NIOperations.h */,
				A805B9FC18D7D0C0004840FE /* NINonRetainingCollections.m */,
				A805B9FD18D7D0C0004840FE /* NINonRetainingCollections.h */,
				A805B9FE18D7D0C0004840FE /* NINonEmptyCollectionTesting.m */,
				A805B9FF18D7D0C0004840FE /* NINonEmptyCollectionTesting.h */,
				A805BA0018D7D0C0004840FE /* NINetworkActivity.m */,
				A805BA0118D7D0C0004840FE /* NINetworkActivity.h */,
				A805BA0218D7D0C0004840FE /* NINavigationAppearance.m */,
				A805BA0318D7D0C0004840FE /* NINavigationAppearance.h */,
				A805BA0418D7D0C0004840FE /* NimbusCore+Additions.h */,
				A805BA0518D7D0C0004840FE /* NIInMemoryCache.m */,
				A805BA0618D7D0C0004840FE /* NIInMemoryCache.h */,
				A805BA0718D7D0C0004840FE /* NIImageUtilities.m */,
				A805BA0818D7D0C0004840FE /* NIImageUtilities.h */,
				A805BA0918D7D0C0004840FE /* NIFoundationMethods.m */,
				A805BA0A18D7D0C0004840FE /* NIFoundationMethods.h */,
				A805BA0B18D7D0C0004840FE /* NIError.m */,
				A805BA0C18D7D0C0004840FE /* NIError.h */,
				A805BA0D18D7D0C0004840FE /* NIDeviceOrientation.m */,
				A805BA0E18D7D0C0004840FE /* NIDeviceOrientation.h */,
				A805BA0F18D7D0C0004840FE /* NIDebuggingTools.m */,
				A805BA1018D7D0C0004840FE /* NIDebuggingTools.h */,
				A805BA1118D7D0C0004840FE /* NIDataStructures.m */,
				A805BA1218D7D0C0004840FE /* NIDataStructures.h */,
				A805BA1318D7D0C0004840FE /* NICommonMetrics.m */,
				A805BA1418D7D0C0004840FE /* NICommonMetrics.h */,
				A805BA1518D7D0C0004840FE /* NIButtonUtilities.m */,
				A805BA1618D7D0C0004840FE /* NIButtonUtilities.h */,
				A805BA1718D7D0C0004840FE /* NIActions+Subclassing.h */,
				A805BA1818D7D0C0004840FE /* NIActions.m */,
				A805BA1918D7D0C0004840FE /* NIActions.h */,
				A805B9E918D7D0A8004840FE /* NimbusCore.h */,
			);
			name = NimbusCore;
			sourceTree = "<group>";
		};
		A808ECBE18BAE2D9009382DE /* JSMessage */ = {
			isa = PBXGroup;
			children = (
				A808ECCB18BAE32D009382DE /* UIColor+JSMessagesView.h */,
				A808ECCC18BAE32D009382DE /* UIColor+JSMessagesView.m */,
				A808ECC818BAE308009382DE /* NSString+JSMessagesView.h */,
				A808ECC918BAE308009382DE /* NSString+JSMessagesView.m */,
				A808ECBF18BAE2D9009382DE /* JSDismissiveTextView.h */,
				A808ECC018BAE2D9009382DE /* JSDismissiveTextView.m */,
				A808ECC118BAE2D9009382DE /* JSMessageInputView.h */,
				A808ECC218BAE2D9009382DE /* JSMessageInputView.m */,
				A808ECC318BAE2D9009382DE /* JSMessageTextView.h */,
				A808ECC418BAE2D9009382DE /* JSMessageTextView.m */,
			);
			path = JSMessage;
			sourceTree = "<group>";
		};
		A834FEBB188FA95E00D4DFAE = {
			isa = PBXGroup;
			children = (
				A834FECF188FA95E00D4DFAE /* PGdev */,
				A834FEEC188FA95E00D4DFAE /* PGdevTests */,
				A834FEC6188FA95E00D4DFAE /* Frameworks */,
				A834FEC5188FA95E00D4DFAE /* Products */,
				74B6C351679F41ECBE573948 /* Pods.xcconfig */,
			);
			sourceTree = "<group>";
		};
		A834FEC5188FA95E00D4DFAE /* Products */ = {
			isa = PBXGroup;
			children = (
				A834FEC4188FA95E00D4DFAE /* PGdev.app */,
				A834FEE4188FA95E00D4DFAE /* PGdevTests.xctest */,
			);
			name = Products;
			sourceTree = "<group>";
		};
		A834FEC6188FA95E00D4DFAE /* Frameworks */ = {
			isa = PBXGroup;
			children = (
				A8B5314618B72A5900CBDDBF /* CoreTelephony.framework */,
				A834FEC7188FA95E00D4DFAE /* Foundation.framework */,
				A834FEC9188FA95E00D4DFAE /* CoreGraphics.framework */,
				A834FECB188FA95E00D4DFAE /* UIKit.framework */,
				A834FECD188FA95E00D4DFAE /* CoreData.framework */,
				A834FEE5188FA95E00D4DFAE /* XCTest.framework */,
				5B2F1418DBB9423084669844 /* libPods.a */,
			);
			name = Frameworks;
			sourceTree = "<group>";
		};
		A834FECF188FA95E00D4DFAE /* PGdev */ = {
			isa = PBXGroup;
			children = (
				A805B9E818D7D09E004840FE /* NimbusCore */,
				A881ED1518D74427004E50D6 /* NimbusAttributedLabel */,
				A8490CD518D180B100042671 /* voice.amr */,
				A8127B5D18D15F870023F658 /* 33.aud */,
				A8A93D7A189D2F7C007689ED /* AIF */,
				A89BE70A1896293F0015EC6E /* Common */,
				A8990E78188FC09B000AE25D /* Controllers */,
				A834FED8188FA95E00D4DFAE /* LYAppDelegate.h */,
				A834FED9188FA95E00D4DFAE /* LYAppDelegate.m */,
				A8990E76188FC00E000AE25D /* Main.storyboard */,
				A834FEDE188FA95E00D4DFAE /* Images.xcassets */,
				A834FEDB188FA95E00D4DFAE /* PGdev.xcdatamodeld */,
				A8990E75188FBC85000AE25D /* Resources */,
				A834FED0188FA95E00D4DFAE /* Supporting Files */,
				A846600D18C258760001D2F9 /* LYTestCell.h */,
				A846600E18C258760001D2F9 /* LYTestCell.m */,
			);
			path = PGdev;
			sourceTree = "<group>";
		};
		A834FED0188FA95E00D4DFAE /* Supporting Files */ = {
			isa = PBXGroup;
			children = (
				A834FED1188FA95E00D4DFAE /* PGdev-Info.plist */,
				A834FED2188FA95E00D4DFAE /* InfoPlist.strings */,
				A834FED5188FA95E00D4DFAE /* main.m */,
				A834FED7188FA95E00D4DFAE /* PGdev-Prefix.pch */,
			);
			name = "Supporting Files";
			sourceTree = "<group>";
		};
		A834FEEC188FA95E00D4DFAE /* PGdevTests */ = {
			isa = PBXGroup;
			children = (
				A834FEF2188FA95E00D4DFAE /* PGdevTests.m */,
				A834FEED188FA95E00D4DFAE /* Supporting Files */,
			);
			path = PGdevTests;
			sourceTree = "<group>";
		};
		A834FEED188FA95E00D4DFAE /* Supporting Files */ = {
			isa = PBXGroup;
			children = (
				A834FEEE188FA95E00D4DFAE /* PGdevTests-Info.plist */,
				A834FEEF188FA95E00D4DFAE /* InfoPlist.strings */,
			);
			name = "Supporting Files";
			sourceTree = "<group>";
		};
		A881ED1518D74427004E50D6 /* NimbusAttributedLabel */ = {
			isa = PBXGroup;
			children = (
				A881ED1618D74427004E50D6 /* NIAttributedLabel.h */,
				A881ED1718D74427004E50D6 /* NIAttributedLabel.m */,
				A881ED1818D74427004E50D6 /* NimbusAttributedLabel.h */,
				A881ED1918D74427004E50D6 /* NSMutableAttributedString+NimbusAttributedLabel.h */,
				A881ED1A18D74427004E50D6 /* NSMutableAttributedString+NimbusAttributedLabel.m */,
			);
			path = NimbusAttributedLabel;
			sourceTree = "<group>";
		};
		A8990E75188FBC85000AE25D /* Resources */ = {
			isa = PBXGroup;
			children = (
			);
			path = Resources;
			sourceTree = "<group>";
		};
		A8990E78188FC09B000AE25D /* Controllers */ = {
			isa = PBXGroup;
			children = (
				A8D389551890AE3900767F50 /* AutoLayoutDemo */,
				A8990E79188FC0BE000AE25D /* LYMainViewController.h */,
				A8990E7A188FC0BE000AE25D /* LYMainViewController.m */,
				A8990E7C188FC316000AE25D /* LYTestViewController.h */,
				A8990E7D188FC316000AE25D /* LYTestViewController.m */,
			);
			path = Controllers;
			sourceTree = "<group>";
		};
		A89BE70A1896293F0015EC6E /* Common */ = {
			isa = PBXGroup;
			children = (
				A808ECBE18BAE2D9009382DE /* JSMessage */,
				A89BE70B1896293F0015EC6E /* Util */,
			);
			path = Common;
			sourceTree = "<group>";
		};
		A89BE70B1896293F0015EC6E /* Util */ = {
			isa = PBXGroup;
			children = (
				A89BE70C189629760015EC6E /* UDIDWrapper.h */,
				A89BE70D189629760015EC6E /* UDIDWrapper.m */,
			);
			path = Util;
			sourceTree = "<group>";
		};
		A8A93D7A189D2F7C007689ED /* AIF */ = {
			isa = PBXGroup;
			children = (
				A8A93D7B189D2F7C007689ED /* Category */,
				A8A93D86189D2F7C007689ED /* Util */,
			);
			path = AIF;
			sourceTree = "<group>";
		};
		A8A93D7B189D2F7C007689ED /* Category */ = {
			isa = PBXGroup;
			children = (
				A8A93D7C189D2F7C007689ED /* MKMapView+AIFExtraMethod.h */,
				A8A93D7D189D2F7C007689ED /* MKMapView+AIFExtraMethod.m */,
				A8A93D7E189D2F7C007689ED /* NSDate+AIFExtraMethod.h */,
				A8A93D7F189D2F7C007689ED /* NSDate+AIFExtraMethod.m */,
				A8A93D80189D2F7C007689ED /* UIColor+AIFHexColor.h */,
				A8A93D81189D2F7C007689ED /* UIColor+AIFHexColor.m */,
				A8A93D82189D2F7C007689ED /* UIImage+AIFExtraMethod.h */,
				A8A93D83189D2F7C007689ED /* UIImage+AIFExtraMethod.m */,
				A8A93D84189D2F7C007689ED /* UIView+AIFFrame.h */,
				A8A93D85189D2F7C007689ED /* UIView+AIFFrame.m */,
				A8A93D97189D33A8007689ED /* NSMutableArray+AIFExtraMethod.h */,
				A8A93D98189D33A8007689ED /* NSMutableArray+AIFExtraMethod.m */,
				A8A93D9A189D363D007689ED /* NSNumber+AIFExtraMethod.h */,
				A8A93D9B189D363D007689ED /* NSNumber+AIFExtraMethod.m */,
				A8A93D9D189D4E7E007689ED /* NSArray+AIFExtraMethod.h */,
				A8A93D9E189D4E7E007689ED /* NSArray+AIFExtraMethod.m */,
				A8A93DA0189D509A007689ED /* NSDictionary+AIFExtraMethod.h */,
				A8A93DA1189D509A007689ED /* NSDictionary+AIFExtraMethod.m */,
				A8A93DA3189D5115007689ED /* NSString+AIFExtraMethod.h */,
				A8A93DA4189D5115007689ED /* NSString+AIFExtraMethod.m */,
				A8A93DAA189D579A007689ED /* UIView+AIFExtraMethod.h */,
				A8A93DAB189D579A007689ED /* UIView+AIFExtraMethod.m */,
			);
			path = Category;
			sourceTree = "<group>";
		};
		A8A93D86189D2F7C007689ED /* Util */ = {
			isa = PBXGroup;
			children = (
				A8A93D87189D2F7C007689ED /* AIFFilePathUtil.h */,
				A8A93D88189D2F7C007689ED /* AIFFilePathUtil.m */,
				A8A93D89189D2F7C007689ED /* AIFNetworkUtil.h */,
				A8A93D8A189D2F7C007689ED /* AIFNetworkUtil.m */,
				A8A93DB1189D5F11007689ED /* AIFLocationUtil.h */,
				A8A93DB2189D5F11007689ED /* AIFLocationUtil.m */,
			);
			path = Util;
			sourceTree = "<group>";
		};
		A8D389551890AE3900767F50 /* AutoLayoutDemo */ = {
			isa = PBXGroup;
			children = (
				A8D389561890AE6300767F50 /* LYAutoLayoutMainViewController.h */,
				A8D389571890AE6300767F50 /* LYAutoLayoutMainViewController.m */,
			);
			name = AutoLayoutDemo;
			sourceTree = "<group>";
		};
/* End PBXGroup section */

/* Begin PBXNativeTarget section */
		A834FEC3188FA95E00D4DFAE /* PGdev */ = {
			isa = PBXNativeTarget;
			buildConfigurationList = A834FEF6188FA95E00D4DFAE /* Build configuration list for PBXNativeTarget "PGdev" */;
			buildPhases = (
				A4638E68473B4B689ADBE230 /* Check Pods Manifest.lock */,
				A834FEC0188FA95E00D4DFAE /* Sources */,
				A834FEC1188FA95E00D4DFAE /* Frameworks */,
				A834FEC2188FA95E00D4DFAE /* Resources */,
				3FC35629AF9E46A68E5E09C2 /* Copy Pods Resources */,
			);
			buildRules = (
			);
			dependencies = (
			);
			name = PGdev;
			productName = PGdev;
			productReference = A834FEC4188FA95E00D4DFAE /* PGdev.app */;
			productType = "com.apple.product-type.application";
		};
		A834FEE3188FA95E00D4DFAE /* PGdevTests */ = {
			isa = PBXNativeTarget;
			buildConfigurationList = A834FEF9188FA95E00D4DFAE /* Build configuration list for PBXNativeTarget "PGdevTests" */;
			buildPhases = (
				A834FEE0188FA95E00D4DFAE /* Sources */,
				A834FEE1188FA95E00D4DFAE /* Frameworks */,
				A834FEE2188FA95E00D4DFAE /* Resources */,
			);
			buildRules = (
			);
			dependencies = (
				A834FEEB188FA95E00D4DFAE /* PBXTargetDependency */,
			);
			name = PGdevTests;
			productName = PGdevTests;
			productReference = A834FEE4188FA95E00D4DFAE /* PGdevTests.xctest */;
			productType = "com.apple.product-type.bundle.unit-test";
		};
/* End PBXNativeTarget section */

/* Begin PBXProject section */
		A834FEBC188FA95E00D4DFAE /* Project object */ = {
			isa = PBXProject;
			attributes = {
				CLASSPREFIX = LY;
				LastUpgradeCheck = 0500;
				ORGANIZATIONNAME = "Anjuke Inc";
				TargetAttributes = {
					A834FEE3188FA95E00D4DFAE = {
						TestTargetID = A834FEC3188FA95E00D4DFAE;
					};
				};
			};
			buildConfigurationList = A834FEBF188FA95E00D4DFAE /* Build configuration list for PBXProject "PGdev" */;
			compatibilityVersion = "Xcode 3.2";
			developmentRegion = English;
			hasScannedForEncodings = 0;
			knownRegions = (
				en,
			);
			mainGroup = A834FEBB188FA95E00D4DFAE;
			productRefGroup = A834FEC5188FA95E00D4DFAE /* Products */;
			projectDirPath = "";
			projectRoot = "";
			targets = (
				A834FEC3188FA95E00D4DFAE /* PGdev */,
				A834FEE3188FA95E00D4DFAE /* PGdevTests */,
			);
		};
/* End PBXProject section */

/* Begin PBXResourcesBuildPhase section */
		A834FEC2188FA95E00D4DFAE /* Resources */ = {
			isa = PBXResourcesBuildPhase;
			buildActionMask = 2147483647;
			files = (
				A8990E77188FC00E000AE25D /* Main.storyboard in Resources */,
				A834FED4188FA95E00D4DFAE /* InfoPlist.strings in Resources */,
				A834FEDF188FA95E00D4DFAE /* Images.xcassets in Resources */,
			);
			runOnlyForDeploymentPostprocessing = 0;
		};
		A834FEE2188FA95E00D4DFAE /* Resources */ = {
			isa = PBXResourcesBuildPhase;
			buildActionMask = 2147483647;
			files = (
				A834FEF1188FA95E00D4DFAE /* InfoPlist.strings in Resources */,
			);
			runOnlyForDeploymentPostprocessing = 0;
		};
/* End PBXResourcesBuildPhase section */

/* Begin PBXShellScriptBuildPhase section */
		3FC35629AF9E46A68E5E09C2 /* Copy Pods Resources */ = {
			isa = PBXShellScriptBuildPhase;
			buildActionMask = 2147483647;
			files = (
			);
			inputPaths = (
			);
			name = "Copy Pods Resources";
			outputPaths = (
			);
			runOnlyForDeploymentPostprocessing = 0;
			shellPath = /bin/sh;
			shellScript = "\"${SRCROOT}/Pods/Pods-resources.sh\"\n";
			showEnvVarsInLog = 0;
		};
		A4638E68473B4B689ADBE230 /* Check Pods Manifest.lock */ = {
			isa = PBXShellScriptBuildPhase;
			buildActionMask = 2147483647;
			files = (
			);
			inputPaths = (
			);
			name = "Check Pods Manifest.lock";
			outputPaths = (
			);
			runOnlyForDeploymentPostprocessing = 0;
			shellPath = /bin/sh;
			shellScript = "diff \"${PODS_ROOT}/../Podfile.lock\" \"${PODS_ROOT}/Manifest.lock\" > /dev/null\nif [[ $? != 0 ]] ; then\n    cat << EOM\nerror: The sandbox is not in sync with the Podfile.lock. Run 'pod install' or update your CocoaPods installation.\nEOM\n    exit 1\nfi\n";
			showEnvVarsInLog = 0;
		};
/* End PBXShellScriptBuildPhase section */

/* Begin PBXSourcesBuildPhase section */
		A834FEC0188FA95E00D4DFAE /* Sources */ = {
			isa = PBXSourcesBuildPhase;
			buildActionMask = 2147483647;
			files = (
				A8A93D90189D2F7C007689ED /* AIFFilePathUtil.m in Sources */,
				A8A93D9F189D4E7E007689ED /* NSArray+AIFExtraMethod.m in Sources */,
				A805BA2C18D7D0C0004840FE /* NIDataStructures.m in Sources */,
				A8A93D99189D33A8007689ED /* NSMutableArray+AIFExtraMethod.m in Sources */,
				A805BA2A18D7D0C0004840FE /* NIDeviceOrientation.m in Sources */,
				A8A93D8E189D2F7C007689ED /* UIImage+AIFExtraMethod.m in Sources */,
				A8990E7E188FC316000AE25D /* LYTestViewController.m in Sources */,
				A89BE70E189629760015EC6E /* UDIDWrapper.m in Sources */,
				A805BA1E18D7D0C0004840FE /* NISDKAvailability.m in Sources */,
				A834FEDD188FA95E00D4DFAE /* PGdev.xcdatamodeld in Sources */,
				A8D389581890AE6300767F50 /* LYAutoLayoutMainViewController.m in Sources */,
				A805BA2D18D7D0C0004840FE /* NICommonMetrics.m in Sources */,
				A805BA2618D7D0C0004840FE /* NIInMemoryCache.m in Sources */,
				A805BA2F18D7D0C0004840FE /* NIActions.m in Sources */,
				A808ECCA18BAE308009382DE /* NSString+JSMessagesView.m in Sources */,
				A805BA2718D7D0C0004840FE /* NIImageUtilities.m in Sources */,
				A8A93DA5189D5115007689ED /* NSString+AIFExtraMethod.m in Sources */,
				A834FED6188FA95E00D4DFAE /* main.m in Sources */,
				A805BA2318D7D0C0004840FE /* NINonEmptyCollectionTesting.m in Sources */,
				A808ECC618BAE2D9009382DE /* JSMessageInputView.m in Sources */,
				A8A93D91189D2F7C007689ED /* AIFNetworkUtil.m in Sources */,
				A8A93DB3189D5F11007689ED /* AIFLocationUtil.m in Sources */,
				A805BA1B18D7D0C0004840FE /* NIViewRecycler.m in Sources */,
				A8A93DAC189D579A007689ED /* UIView+AIFExtraMethod.m in Sources */,
				A8990E7B188FC0BE000AE25D /* LYMainViewController.m in Sources */,
				A805BA2518D7D0C0004840FE /* NINavigationAppearance.m in Sources */,
				A805BA2918D7D0C0004840FE /* NIError.m in Sources */,
				A8A93D8F189D2F7C007689ED /* UIView+AIFFrame.m in Sources */,
				A808ECC718BAE2D9009382DE /* JSMessageTextView.m in Sources */,
				A805BA2E18D7D0C0004840FE /* NIButtonUtilities.m in Sources */,
				A8A93D8D189D2F7C007689ED /* UIColor+AIFHexColor.m in Sources */,
				A8A93D8B189D2F7C007689ED /* MKMapView+AIFExtraMethod.m in Sources */,
				A805BA2018D7D0C0004840FE /* NIPaths.m in Sources */,
				A8A93D8C189D2F7C007689ED /* NSDate+AIFExtraMethod.m in Sources */,
				A808ECC518BAE2D9009382DE /* JSDismissiveTextView.m in Sources */,
				A805BA2218D7D0C0004840FE /* NINonRetainingCollections.m in Sources */,
				A8A93D9C189D363D007689ED /* NSNumber+AIFExtraMethod.m in Sources */,
				A805BA2118D7D0C0004840FE /* NIOperations.m in Sources */,
				A805BA1A18D7D0C0004840FE /* UIResponder+NimbusCore.m in Sources */,
				A881ED1C18D74427004E50D6 /* NSMutableAttributedString+NimbusAttributedLabel.m in Sources */,
				A805BA2B18D7D0C0004840FE /* NIDebuggingTools.m in Sources */,
				A834FEDA188FA95E00D4DFAE /* LYAppDelegate.m in Sources */,
				A8A93DA2189D509A007689ED /* NSDictionary+AIFExtraMethod.m in Sources */,
				A805BA1C18D7D0C0004840FE /* NIState.m in Sources */,
				A805BA2818D7D0C0004840FE /* NIFoundationMethods.m in Sources */,
				A881ED1B18D74427004E50D6 /* NIAttributedLabel.m in Sources */,
				A805BA2418D7D0C0004840FE /* NINetworkActivity.m in Sources */,
				A808ECCD18BAE32D009382DE /* UIColor+JSMessagesView.m in Sources */,
				A805BA1F18D7D0C0004840FE /* NIRuntimeClassModifications.m in Sources */,
				A846600F18C258760001D2F9 /* LYTestCell.m in Sources */,
			);
			runOnlyForDeploymentPostprocessing = 0;
		};
		A834FEE0188FA95E00D4DFAE /* Sources */ = {
			isa = PBXSourcesBuildPhase;
			buildActionMask = 2147483647;
			files = (
				A834FEF3188FA95E00D4DFAE /* PGdevTests.m in Sources */,
			);
			runOnlyForDeploymentPostprocessing = 0;
		};
/* End PBXSourcesBuildPhase section */

/* Begin PBXTargetDependency section */
		A834FEEB188FA95E00D4DFAE /* PBXTargetDependency */ = {
			isa = PBXTargetDependency;
			target = A834FEC3188FA95E00D4DFAE /* PGdev */;
			targetProxy = A834FEEA188FA95E00D4DFAE /* PBXContainerItemProxy */;
		};
/* End PBXTargetDependency section */

/* Begin PBXVariantGroup section */
		A834FED2188FA95E00D4DFAE /* InfoPlist.strings */ = {
			isa = PBXVariantGroup;
			children = (
				A834FED3188FA95E00D4DFAE /* en */,
			);
			name = InfoPlist.strings;
			sourceTree = "<group>";
		};
		A834FEEF188FA95E00D4DFAE /* InfoPlist.strings */ = {
			isa = PBXVariantGroup;
			children = (
				A834FEF0188FA95E00D4DFAE /* en */,
			);
			name = InfoPlist.strings;
			sourceTree = "<group>";
		};
/* End PBXVariantGroup section */

/* Begin XCBuildConfiguration section */
		A834FEF4188FA95E00D4DFAE /* Debug */ = {
			isa = XCBuildConfiguration;
			buildSettings = {
				ALWAYS_SEARCH_USER_PATHS = NO;
				ARCHS = "$(ARCHS_STANDARD_INCLUDING_64_BIT)";
				CLANG_CXX_LANGUAGE_STANDARD = "gnu++0x";
				CLANG_CXX_LIBRARY = "libc++";
				CLANG_ENABLE_MODULES = YES;
				CLANG_ENABLE_OBJC_ARC = YES;
				CLANG_WARN_BOOL_CONVERSION = YES;
				CLANG_WARN_CONSTANT_CONVERSION = YES;
				CLANG_WARN_DIRECT_OBJC_ISA_USAGE = YES_ERROR;
				CLANG_WARN_EMPTY_BODY = YES;
				CLANG_WARN_ENUM_CONVERSION = YES;
				CLANG_WARN_INT_CONVERSION = YES;
				CLANG_WARN_OBJC_ROOT_CLASS = YES_ERROR;
				CLANG_WARN__DUPLICATE_METHOD_MATCH = YES;
				"CODE_SIGN_IDENTITY[sdk=iphoneos*]" = "iPhone Developer";
				COPY_PHASE_STRIP = NO;
				GCC_C_LANGUAGE_STANDARD = gnu99;
				GCC_DYNAMIC_NO_PIC = NO;
				GCC_OPTIMIZATION_LEVEL = 0;
				GCC_PREPROCESSOR_DEFINITIONS = (
					"DEBUG=1",
					"$(inherited)",
				);
				GCC_SYMBOLS_PRIVATE_EXTERN = NO;
				GCC_WARN_64_TO_32_BIT_CONVERSION = YES;
				GCC_WARN_ABOUT_RETURN_TYPE = YES_ERROR;
				GCC_WARN_UNDECLARED_SELECTOR = YES;
				GCC_WARN_UNINITIALIZED_AUTOS = YES;
				GCC_WARN_UNUSED_FUNCTION = YES;
				GCC_WARN_UNUSED_VARIABLE = YES;
				IPHONEOS_DEPLOYMENT_TARGET = 7.0;
				ONLY_ACTIVE_ARCH = YES;
				SDKROOT = iphoneos;
			};
			name = Debug;
		};
		A834FEF5188FA95E00D4DFAE /* Release */ = {
			isa = XCBuildConfiguration;
			buildSettings = {
				ALWAYS_SEARCH_USER_PATHS = NO;
				ARCHS = "$(ARCHS_STANDARD_INCLUDING_64_BIT)";
				CLANG_CXX_LANGUAGE_STANDARD = "gnu++0x";
				CLANG_CXX_LIBRARY = "libc++";
				CLANG_ENABLE_MODULES = YES;
				CLANG_ENABLE_OBJC_ARC = YES;
				CLANG_WARN_BOOL_CONVERSION = YES;
				CLANG_WARN_CONSTANT_CONVERSION = YES;
				CLANG_WARN_DIRECT_OBJC_ISA_USAGE = YES_ERROR;
				CLANG_WARN_EMPTY_BODY = YES;
				CLANG_WARN_ENUM_CONVERSION = YES;
				CLANG_WARN_INT_CONVERSION = YES;
				CLANG_WARN_OBJC_ROOT_CLASS = YES_ERROR;
				CLANG_WARN__DUPLICATE_METHOD_MATCH = YES;
				"CODE_SIGN_IDENTITY[sdk=iphoneos*]" = "iPhone Developer";
				COPY_PHASE_STRIP = YES;
				ENABLE_NS_ASSERTIONS = NO;
				GCC_C_LANGUAGE_STANDARD = gnu99;
				GCC_WARN_64_TO_32_BIT_CONVERSION = YES;
				GCC_WARN_ABOUT_RETURN_TYPE = YES_ERROR;
				GCC_WARN_UNDECLARED_SELECTOR = YES;
				GCC_WARN_UNINITIALIZED_AUTOS = YES;
				GCC_WARN_UNUSED_FUNCTION = YES;
				GCC_WARN_UNUSED_VARIABLE = YES;
				IPHONEOS_DEPLOYMENT_TARGET = 7.0;
				SDKROOT = iphoneos;
				VALIDATE_PRODUCT = YES;
			};
			name = Release;
		};
		A834FEF7188FA95E00D4DFAE /* Debug */ = {
			isa = XCBuildConfiguration;
			baseConfigurationReference = 74B6C351679F41ECBE573948 /* Pods.xcconfig */;
			buildSettings = {
				ARCHS = "$(ARCHS_STANDARD)";
				ASSETCATALOG_COMPILER_APPICON_NAME = AppIcon;
				ASSETCATALOG_COMPILER_LAUNCHIMAGE_NAME = LaunchImage;
				GCC_PRECOMPILE_PREFIX_HEADER = YES;
				GCC_PREFIX_HEADER = "PGdev/PGdev-Prefix.pch";
				INFOPLIST_FILE = "PGdev/PGdev-Info.plist";
				IPHONEOS_DEPLOYMENT_TARGET = 6.0;
				PRODUCT_NAME = "$(TARGET_NAME)";
				VALID_ARCHS = "armv7 armv7s";
				WRAPPER_EXTENSION = app;
			};
			name = Debug;
		};
		A834FEF8188FA95E00D4DFAE /* Release */ = {
			isa = XCBuildConfiguration;
			baseConfigurationReference = 74B6C351679F41ECBE573948 /* Pods.xcconfig */;
			buildSettings = {
				ARCHS = "$(ARCHS_STANDARD)";
				ASSETCATALOG_COMPILER_APPICON_NAME = AppIcon;
				ASSETCATALOG_COMPILER_LAUNCHIMAGE_NAME = LaunchImage;
				GCC_PRECOMPILE_PREFIX_HEADER = YES;
				GCC_PREFIX_HEADER = "PGdev/PGdev-Prefix.pch";
				INFOPLIST_FILE = "PGdev/PGdev-Info.plist";
				IPHONEOS_DEPLOYMENT_TARGET = 6.0;
				PRODUCT_NAME = "$(TARGET_NAME)";
				VALID_ARCHS = "armv7 armv7s";
				WRAPPER_EXTENSION = app;
			};
			name = Release;
		};
		A834FEFA188FA95E00D4DFAE /* Debug */ = {
			isa = XCBuildConfiguration;
			buildSettings = {
				ARCHS = "$(ARCHS_STANDARD_INCLUDING_64_BIT)";
				BUNDLE_LOADER = "$(BUILT_PRODUCTS_DIR)/PGdev.app/PGdev";
				FRAMEWORK_SEARCH_PATHS = (
					"$(SDKROOT)/Developer/Library/Frameworks",
					"$(inherited)",
					"$(DEVELOPER_FRAMEWORKS_DIR)",
				);
				GCC_PRECOMPILE_PREFIX_HEADER = YES;
				GCC_PREFIX_HEADER = "PGdev/PGdev-Prefix.pch";
				GCC_PREPROCESSOR_DEFINITIONS = (
					"DEBUG=1",
					"$(inherited)",
				);
				INFOPLIST_FILE = "PGdevTests/PGdevTests-Info.plist";
				PRODUCT_NAME = "$(TARGET_NAME)";
				TEST_HOST = "$(BUNDLE_LOADER)";
				WRAPPER_EXTENSION = xctest;
			};
			name = Debug;
		};
		A834FEFB188FA95E00D4DFAE /* Release */ = {
			isa = XCBuildConfiguration;
			buildSettings = {
				ARCHS = "$(ARCHS_STANDARD_INCLUDING_64_BIT)";
				BUNDLE_LOADER = "$(BUILT_PRODUCTS_DIR)/PGdev.app/PGdev";
				FRAMEWORK_SEARCH_PATHS = (
					"$(SDKROOT)/Developer/Library/Frameworks",
					"$(inherited)",
					"$(DEVELOPER_FRAMEWORKS_DIR)",
				);
				GCC_PRECOMPILE_PREFIX_HEADER = YES;
				GCC_PREFIX_HEADER = "PGdev/PGdev-Prefix.pch";
				INFOPLIST_FILE = "PGdevTests/PGdevTests-Info.plist";
				PRODUCT_NAME = "$(TARGET_NAME)";
				TEST_HOST = "$(BUNDLE_LOADER)";
				WRAPPER_EXTENSION = xctest;
			};
			name = Release;
		};
/* End XCBuildConfiguration section */

/* Begin XCConfigurationList section */
		A834FEBF188FA95E00D4DFAE /* Build configuration list for PBXProject "PGdev" */ = {
			isa = XCConfigurationList;
			buildConfigurations = (
				A834FEF4188FA95E00D4DFAE /* Debug */,
				A834FEF5188FA95E00D4DFAE /* Release */,
			);
			defaultConfigurationIsVisible = 0;
			defaultConfigurationName = Release;
		};
		A834FEF6188FA95E00D4DFAE /* Build configuration list for PBXNativeTarget "PGdev" */ = {
			isa = XCConfigurationList;
			buildConfigurations = (
				A834FEF7188FA95E00D4DFAE /* Debug */,
				A834FEF8188FA95E00D4DFAE /* Release */,
			);
			defaultConfigurationIsVisible = 0;
			defaultConfigurationName = Release;
		};
		A834FEF9188FA95E00D4DFAE /* Build configuration list for PBXNativeTarget "PGdevTests" */ = {
			isa = XCConfigurationList;
			buildConfigurations = (
				A834FEFA188FA95E00D4DFAE /* Debug */,
				A834FEFB188FA95E00D4DFAE /* Release */,
			);
			defaultConfigurationIsVisible = 0;
			defaultConfigurationName = Release;
		};
/* End XCConfigurationList section */

/* Begin XCVersionGroup section */
		A834FEDB188FA95E00D4DFAE /* PGdev.xcdatamodeld */ = {
			isa = XCVersionGroup;
			children = (
				A834FEDC188FA95E00D4DFAE /* PGdev.xcdatamodel */,
			);
			currentVersion = A834FEDC188FA95E00D4DFAE /* PGdev.xcdatamodel */;
			path = PGdev.xcdatamodeld;
			sourceTree = "<group>";
			versionGroupType = wrapper.xcdatamodel;
		};
/* End XCVersionGroup section */
	};
	rootObject = A834FEBC188FA95E00D4DFAE /* Project object */;
}
